
Microsoft Visual Studio Solution File, Format Version 12.00
# Visual Studio Version 16
VisualStudioVersion = 16.0.28803.202
MinimumVisualStudioVersion = 10.0.40219.1
Project("{FAE04EC0-301F-11D3-BF4B-00C04F79EFBC}") = "mailich", "mailich\mailich.csproj", "{A54F6FA0-9881-43AA-BEA4-8F635D8BA939}"
EndProject
Global
	GlobalSection(SolutionConfigurationPlatforms) = preSolution
		Debug|Any CPU = Debug|Any CPU
		Release|Any CPU = Release|Any CPU
	EndGlobalSection
	GlobalSection(ProjectConfigurationPlatforms) = postSolution
		{A54F6FA0-9881-43AA-BEA4-8F635D8BA939}.Debug|Any CPU.ActiveCfg = Debug|Any CPU
		{A54F6FA0-9881-43AA-BEA4-8F635D8BA939}.Debug|Any CPU.Build.0 = Debug|Any CPU
		{A54F6FA0-9881-43AA-BEA4-8F635D8BA939}.Release|Any CPU.ActiveCfg = Release|Any CPU
		{A54F6FA0-9881-43AA-BEA4-8F635D8BA939}.Release|Any CPU.Build.0 = Release|Any CPU
	EndGlobalSection
	GlobalSection(SolutionProperties) = preSolution
		HideSolutionNode = FALSE
	EndGlobalSection
	GlobalSection(ExtensibilityGlobals) = postSolution
		SolutionGuid = {74F2A7B4-9631-4AD5-AFBB-2303CC458F14}
	EndGlobalSection
EndGlobal
